{
  "name": "demo-npm-service",
  "lockfileVersion": 3,
  "packages": {
    "": {
      "dependencies": {
        "lodash": "^4.17.21",
        "express": "4.18.2"
      },
      "devDependencies": {
        "typescript": "5.4.5"
      }
    },
    "node_modules/express": {
      "version": "4.18.2"
    },
    "node_modules/lodash": {
      "version": "4.17.21"
    }
  }
}
